// !$*UTF8*$!
{
	archiveVersion = 1;
	classes = {
	};
	objectVersion = 56;
	objects = {

/* Begin PBXBuildFile section */
		A80504EC2BB6DD4C00DB0024 /* landmarkData.json in Resources */ = {isa = PBXBuildFile; fileRef = A80504EB2BB6DD4C00DB0024 /* landmarkData.json */; };
		A80504EE2BB6DD6E00DB0024 /* Landmark.swift in Sources */ = {isa = PBXBuildFile; fileRef = A80504ED2BB6DD6E00DB0024 /* Landmark.swift */; };
		A80504F02BB6DF7F00DB0024 /* ModelData.swift in Sources */ = {isa = PBXBuildFile; fileRef = A80504EF2BB6DF7F00DB0024 /* ModelData.swift */; };
		A80504F52BB6E04D00DB0024 /* LandmarkRow.swift in Sources */ = {isa = PBXBuildFile; fileRef = A80504F42BB6E04D00DB0024 /* LandmarkRow.swift */; };
		A80504F72BB6E19200DB0024 /* LandmarksList.swift in Sources */ = {isa = PBXBuildFile; fileRef = A80504F62BB6E19200DB0024 /* LandmarksList.swift */; };
		A89558BC2BB939CF008B5EE6 /* GraphCapsule.swift in Sources */ = {isa = PBXBuildFile; fileRef = A89558B72BB939CF008B5EE6 /* GraphCapsule.swift */; };
		A89558BD2BB939CF008B5EE6 /* HikeDetail.swift in Sources */ = {isa = PBXBuildFile; fileRef = A89558B82BB939CF008B5EE6 /* HikeDetail.swift */; };
		A89558BE2BB939CF008B5EE6 /* HikeGraph.swift in Sources */ = {isa = PBXBuildFile; fileRef = A89558B92BB939CF008B5EE6 /* HikeGraph.swift */; };
		A89558BF2BB939CF008B5EE6 /* HikeView.swift in Sources */ = {isa = PBXBuildFile; fileRef = A89558BA2BB939CF008B5EE6 /* HikeView.swift */; };
		A89558C22BB9474E008B5EE6 /* CategoryHome.swift in Sources */ = {isa = PBXBuildFile; fileRef = A89558C12BB9474E008B5EE6 /* CategoryHome.swift */; };
		A89558C42BB94933008B5EE6 /* CategoryRow.swift in Sources */ = {isa = PBXBuildFile; fileRef = A89558C32BB94933008B5EE6 /* CategoryRow.swift */; };
		A89558C62BB94B04008B5EE6 /* CategoryItem.swift in Sources */ = {isa = PBXBuildFile; fileRef = A89558C52BB94B04008B5EE6 /* CategoryItem.swift */; };
		A89558C82BB9A61F008B5EE6 /* Profile.swift in Sources */ = {isa = PBXBuildFile; fileRef = A89558C72BB9A61F008B5EE6 /* Profile.swift */; };
		A89558CB2BB9A725008B5EE6 /* ProfileHost.swift in Sources */ = {isa = PBXBuildFile; fileRef = A89558CA2BB9A725008B5EE6 /* ProfileHost.swift */; };
		A89558CD2BB9A842008B5EE6 /* ProfileSummary.swift in Sources */ = {isa = PBXBuildFile; fileRef = A89558CC2BB9A842008B5EE6 /* ProfileSummary.swift */; };
		A89558CF2BB9AACB008B5EE6 /* HikeBadge.swift in Sources */ = {isa = PBXBuildFile; fileRef = A89558CE2BB9AACB008B5EE6 /* HikeBadge.swift */; };
		A89558D12BB9B68F008B5EE6 /* ProfileEditor.swift in Sources */ = {isa = PBXBuildFile; fileRef = A89558D02BB9B68F008B5EE6 /* ProfileEditor.swift */; };
		A8A7FF382BB71897001938D0 /* LandmarkDetail.swift in Sources */ = {isa = PBXBuildFile; fileRef = A8A7FF372BB71897001938D0 /* LandmarkDetail.swift */; };
		A8B75D2F2BB89B3B00C9118A /* FavoriteButton.swift in Sources */ = {isa = PBXBuildFile; fileRef = A8B75D2E2BB89B3B00C9118A /* FavoriteButton.swift */; };
		A8B75D332BB8A4DC00C9118A /* HexagonParameters.swift in Sources */ = {isa = PBXBuildFile; fileRef = A8B75D322BB8A4DC00C9118A /* HexagonParameters.swift */; };
		A8B75D352BB8A5E100C9118A /* BadgeBackground.swift in Sources */ = {isa = PBXBuildFile; fileRef = A8B75D342BB8A5E100C9118A /* BadgeBackground.swift */; };
		A8B75D372BB8A7A300C9118A /* BadgeSymbol.swift in Sources */ = {isa = PBXBuildFile; fileRef = A8B75D362BB8A7A300C9118A /* BadgeSymbol.swift */; };
		A8B75D3A2BB8A86300C9118A /* RotatedBadgeSymbol.swift in Sources */ = {isa = PBXBuildFile; fileRef = A8B75D392BB8A86300C9118A /* RotatedBadgeSymbol.swift */; };
		A8B75D3C2BB8A8A600C9118A /* Badge.swift in Sources */ = {isa = PBXBuildFile; fileRef = A8B75D3B2BB8A8A600C9118A /* Badge.swift */; };
		A8B75D3E2BB9350700C9118A /* hikeData.json in Resources */ = {isa = PBXBuildFile; fileRef = A8B75D3D2BB9350700C9118A /* hikeData.json */; };
		A8B75D402BB9352000C9118A /* Hike.swift in Sources */ = {isa = PBXBuildFile; fileRef = A8B75D3F2BB9352000C9118A /* Hike.swift */; };
		A8B75D422BB9382000C9118A /* .gitignore in Resources */ = {isa = PBXBuildFile; fileRef = A8B75D412BB9382000C9118A /* .gitignore */; };
		A8D54F952BB6940F00BBD900 /* LandmarksApp.swift in Sources */ = {isa = PBXBuildFile; fileRef = A8D54F942BB6940F00BBD900 /* LandmarksApp.swift */; };
		A8D54F972BB6940F00BBD900 /* ContentView.swift in Sources */ = {isa = PBXBuildFile; fileRef = A8D54F962BB6940F00BBD900 /* ContentView.swift */; };
		A8D54F992BB6941000BBD900 /* Assets.xcassets in Resources */ = {isa = PBXBuildFile; fileRef = A8D54F982BB6941000BBD900 /* Assets.xcassets */; };
		A8D54F9C2BB6941000BBD900 /* Preview Assets.xcassets in Resources */ = {isa = PBXBuildFile; fileRef = A8D54F9B2BB6941000BBD900 /* Preview Assets.xcassets */; };
		A8D54FA62BB6941000BBD900 /* LandmarksTests.swift in Sources */ = {isa = PBXBuildFile; fileRef = A8D54FA52BB6941000BBD900 /* LandmarksTests.swift */; };
		A8D54FB02BB6941000BBD900 /* LandmarksUITests.swift in Sources */ = {isa = PBXBuildFile; fileRef = A8D54FAF2BB6941000BBD900 /* LandmarksUITests.swift */; };
		A8D54FB22BB6941000BBD900 /* LandmarksUITestsLaunchTests.swift in Sources */ = {isa = PBXBuildFile; fileRef = A8D54FB12BB6941000BBD900 /* LandmarksUITestsLaunchTests.swift */; };
		A8D54FBF2BB6991100BBD900 /* CircleImage.swift in Sources */ = {isa = PBXBuildFile; fileRef = A8D54FBE2BB6991100BBD900 /* CircleImage.swift */; };
		A8D54FC12BB69ACA00BBD900 /* MapView.swift in Sources */ = {isa = PBXBuildFile; fileRef = A8D54FC02BB69ACA00BBD900 /* MapView.swift */; };
/* End PBXBuildFile section */

/* Begin PBXContainerItemProxy section */
		A8D54FA22BB6941000BBD900 /* PBXContainerItemProxy */ = {
			isa = PBXContainerItemProxy;
			containerPortal = A8D54F892BB6940F00BBD900 /* Project object */;
			proxyType = 1;
			remoteGlobalIDString = A8D54F902BB6940F00BBD900;
			remoteInfo = Landmarks;
		};
		A8D54FAC2BB6941000BBD900 /* PBXContainerItemProxy */ = {
			isa = PBXContainerItemProxy;
			containerPortal = A8D54F892BB6940F00BBD900 /* Project object */;
			proxyType = 1;
			remoteGlobalIDString = A8D54F902BB6940F00BBD900;
			remoteInfo = Landmarks;
		};
/* End PBXContainerItemProxy section */

/* Begin PBXFileReference section */
		A80504EB2BB6DD4C00DB0024 /* landmarkData.json */ = {isa = PBXFileReference; fileEncoding = 4; lastKnownFileType = text.json; path = landmarkData.json; sourceTree = "<group>"; };
		A80504ED2BB6DD6E00DB0024 /* Landmark.swift */ = {isa = PBXFileReference; lastKnownFileType = sourcecode.swift; path = Landmark.swift; sourceTree = "<group>"; };
		A80504EF2BB6DF7F00DB0024 /* ModelData.swift */ = {isa = PBXFileReference; lastKnownFileType = sourcecode.swift; path = ModelData.swift; sourceTree = "<group>"; };
		A80504F42BB6E04D00DB0024 /* LandmarkRow.swift */ = {isa = PBXFileReference; lastKnownFileType = sourcecode.swift; path = LandmarkRow.swift; sourceTree = "<group>"; };
		A80504F62BB6E19200DB0024 /* LandmarksList.swift */ = {isa = PBXFileReference; lastKnownFileType = sourcecode.swift; path = LandmarksList.swift; sourceTree = "<group>"; };
		A89558B72BB939CF008B5EE6 /* GraphCapsule.swift */ = {isa = PBXFileReference; fileEncoding = 4; lastKnownFileType = sourcecode.swift; path = GraphCapsule.swift; sourceTree = "<group>"; };
		A89558B82BB939CF008B5EE6 /* HikeDetail.swift */ = {isa = PBXFileReference; fileEncoding = 4; lastKnownFileType = sourcecode.swift; path = HikeDetail.swift; sourceTree = "<group>"; };
		A89558B92BB939CF008B5EE6 /* HikeGraph.swift */ = {isa = PBXFileReference; fileEncoding = 4; lastKnownFileType = sourcecode.swift; path = HikeGraph.swift; sourceTree = "<group>"; };
		A89558BA2BB939CF008B5EE6 /* HikeView.swift */ = {isa = PBXFileReference; fileEncoding = 4; lastKnownFileType = sourcecode.swift; path = HikeView.swift; sourceTree = "<group>"; };
		A89558C12BB9474E008B5EE6 /* CategoryHome.swift */ = {isa = PBXFileReference; lastKnownFileType = sourcecode.swift; path = CategoryHome.swift; sourceTree = "<group>"; };
		A89558C32BB94933008B5EE6 /* CategoryRow.swift */ = {isa = PBXFileReference; lastKnownFileType = sourcecode.swift; path = CategoryRow.swift; sourceTree = "<group>"; };
		A89558C52BB94B04008B5EE6 /* CategoryItem.swift */ = {isa = PBXFileReference; lastKnownFileType = sourcecode.swift; path = CategoryItem.swift; sourceTree = "<group>"; };
		A89558C72BB9A61F008B5EE6 /* Profile.swift */ = {isa = PBXFileReference; lastKnownFileType = sourcecode.swift; path = Profile.swift; sourceTree = "<group>"; };
		A89558CA2BB9A725008B5EE6 /* ProfileHost.swift */ = {isa = PBXFileReference; lastKnownFileType = sourcecode.swift; path = ProfileHost.swift; sourceTree = "<group>"; };
		A89558CC2BB9A842008B5EE6 /* ProfileSummary.swift */ = {isa = PBXFileReference; lastKnownFileType = sourcecode.swift; path = ProfileSummary.swift; sourceTree = "<group>"; };
		A89558CE2BB9AACB008B5EE6 /* HikeBadge.swift */ = {isa = PBXFileReference; lastKnownFileType = sourcecode.swift; path = HikeBadge.swift; sourceTree = "<group>"; };
		A89558D02BB9B68F008B5EE6 /* ProfileEditor.swift */ = {isa = PBXFileReference; lastKnownFileType = sourcecode.swift; path = ProfileEditor.swift; sourceTree = "<group>"; };
		A8A7FF372BB71897001938D0 /* LandmarkDetail.swift */ = {isa = PBXFileReference; lastKnownFileType = sourcecode.swift; path = LandmarkDetail.swift; sourceTree = "<group>"; };
		A8B75D2E2BB89B3B00C9118A /* FavoriteButton.swift */ = {isa = PBXFileReference; lastKnownFileType = sourcecode.swift; name = FavoriteButton.swift; path = Landmarks/Views/Helper/FavoriteButton.swift; sourceTree = SOURCE_ROOT; };
		A8B75D322BB8A4DC00C9118A /* HexagonParameters.swift */ = {isa = PBXFileReference; lastKnownFileType = sourcecode.swift; path = HexagonParameters.swift; sourceTree = "<group>"; };
		A8B75D342BB8A5E100C9118A /* BadgeBackground.swift */ = {isa = PBXFileReference; lastKnownFileType = sourcecode.swift; path = BadgeBackground.swift; sourceTree = "<group>"; };
		A8B75D362BB8A7A300C9118A /* BadgeSymbol.swift */ = {isa = PBXFileReference; lastKnownFileType = sourcecode.swift; path = BadgeSymbol.swift; sourceTree = "<group>"; };
		A8B75D392BB8A86300C9118A /* RotatedBadgeSymbol.swift */ = {isa = PBXFileReference; lastKnownFileType = sourcecode.swift; path = RotatedBadgeSymbol.swift; sourceTree = "<group>"; };
		A8B75D3B2BB8A8A600C9118A /* Badge.swift */ = {isa = PBXFileReference; lastKnownFileType = sourcecode.swift; path = Badge.swift; sourceTree = "<group>"; };
		A8B75D3D2BB9350700C9118A /* hikeData.json */ = {isa = PBXFileReference; fileEncoding = 4; lastKnownFileType = text.json; path = hikeData.json; sourceTree = "<group>"; };
		A8B75D3F2BB9352000C9118A /* Hike.swift */ = {isa = PBXFileReference; lastKnownFileType = sourcecode.swift; path = Hike.swift; sourceTree = "<group>"; };
		A8B75D412BB9382000C9118A /* .gitignore */ = {isa = PBXFileReference; lastKnownFileType = text; path = .gitignore; sourceTree = "<group>"; };
		A8D54F912BB6940F00BBD900 /* Landmarks.app */ = {isa = PBXFileReference; explicitFileType = wrapper.application; includeInIndex = 0; path = Landmarks.app; sourceTree = BUILT_PRODUCTS_DIR; };
		A8D54F942BB6940F00BBD900 /* LandmarksApp.swift */ = {isa = PBXFileReference; lastKnownFileType = sourcecode.swift; path = LandmarksApp.swift; sourceTree = "<group>"; };
		A8D54F962BB6940F00BBD900 /* ContentView.swift */ = {isa = PBXFileReference; lastKnownFileType = sourcecode.swift; path = ContentView.swift; sourceTree = "<group>"; };
		A8D54F982BB6941000BBD900 /* Assets.xcassets */ = {isa = PBXFileReference; lastKnownFileType = folder.assetcatalog; path = Assets.xcassets; sourceTree = "<group>"; };
		A8D54F9B2BB6941000BBD900 /* Preview Assets.xcassets */ = {isa = PBXFileReference; lastKnownFileType = folder.assetcatalog; path = "Preview Assets.xcassets"; sourceTree = "<group>"; };
		A8D54FA12BB6941000BBD900 /* LandmarksTests.xctest */ = {isa = PBXFileReference; explicitFileType = wrapper.cfbundle; includeInIndex = 0; path = LandmarksTests.xctest; sourceTree = BUILT_PRODUCTS_DIR; };
		A8D54FA52BB6941000BBD900 /* LandmarksTests.swift */ = {isa = PBXFileReference; lastKnownFileType = sourcecode.swift; path = LandmarksTests.swift; sourceTree = "<group>"; };
		A8D54FAB2BB6941000BBD900 /* LandmarksUITests.xctest */ = {isa = PBXFileReference; explicitFileType = wrapper.cfbundle; includeInIndex = 0; path = LandmarksUITests.xctest; sourceTree = BUILT_PRODUCTS_DIR; };
		A8D54FAF2BB6941000BBD900 /* LandmarksUITests.swift */ = {isa = PBXFileReference; lastKnownFileType = sourcecode.swift; path = LandmarksUITests.swift; sourceTree = "<group>"; };
		A8D54FB12BB6941000BBD900 /* LandmarksUITestsLaunchTests.swift */ = {isa = PBXFileReference; lastKnownFileType = sourcecode.swift; path = LandmarksUITestsLaunchTests.swift; sourceTree = "<group>"; };
		A8D54FBE2BB6991100BBD900 /* CircleImage.swift */ = {isa = PBXFileReference; lastKnownFileType = sourcecode.swift; path = CircleImage.swift; sourceTree = "<group>"; };
		A8D54FC02BB69ACA00BBD900 /* MapView.swift */ = {isa = PBXFileReference; lastKnownFileType = sourcecode.swift; path = MapView.swift; sourceTree = "<group>"; };
/* End PBXFileReference section */

/* Begin PBXFrameworksBuildPhase section */
		A8D54F8E2BB6940F00BBD900 /* Frameworks */ = {
			isa = PBXFrameworksBuildPhase;
			buildActionMask = 2147483647;
			files = (
			);
			runOnlyForDeploymentPostprocessing = 0;
		};
		A8D54F9E2BB6941000BBD900 /* Frameworks */ = {
			isa = PBXFrameworksBuildPhase;
			buildActionMask = 2147483647;
			files = (
			);
			runOnlyForDeploymentPostprocessing = 0;
		};
		A8D54FA82BB6941000BBD900 /* Frameworks */ = {
			isa = PBXFrameworksBuildPhase;
			buildActionMask = 2147483647;
			files = (
			);
			runOnlyForDeploymentPostprocessing = 0;
		};
/* End PBXFrameworksBuildPhase section */

/* Begin PBXGroup section */
		A80504F12BB6DFEE00DB0024 /* Views */ = {
			isa = PBXGroup;
			children = (
				A8D54F962BB6940F00BBD900 /* ContentView.swift */,
				A8B75D382BB8A84D00C9118A /* Badge */,
				A89558C02BB9473D008B5EE6 /* Categories */,
				A8B75D312BB89DE500C9118A /* Helper */,
				A89558BB2BB939CF008B5EE6 /* Hikes */,
				A8B75D302BB89DDF00C9118A /* Landmarks */,
				A89558C92BB9A70F008B5EE6 /* Profile */,
			);
			path = Views;
			sourceTree = "<group>";
		};
		A80504F22BB6DFF400DB0024 /* Model */ = {
			isa = PBXGroup;
			children = (
				A80504ED2BB6DD6E00DB0024 /* Landmark.swift */,
				A80504EF2BB6DF7F00DB0024 /* ModelData.swift */,
				A8B75D3F2BB9352000C9118A /* Hike.swift */,
				A89558C72BB9A61F008B5EE6 /* Profile.swift */,
			);
			path = Model;
			sourceTree = "<group>";
		};
		A80504F32BB6DFFF00DB0024 /* Resources */ = {
			isa = PBXGroup;
			children = (
				A8B75D3D2BB9350700C9118A /* hikeData.json */,
				A80504EB2BB6DD4C00DB0024 /* landmarkData.json */,
			);
			path = Resources;
			sourceTree = "<group>";
		};
		A89558BB2BB939CF008B5EE6 /* Hikes */ = {
			isa = PBXGroup;
			children = (
				A89558B72BB939CF008B5EE6 /* GraphCapsule.swift */,
				A89558B82BB939CF008B5EE6 /* HikeDetail.swift */,
				A89558B92BB939CF008B5EE6 /* HikeGraph.swift */,
				A89558BA2BB939CF008B5EE6 /* HikeView.swift */,
			);
			path = Hikes;
			sourceTree = "<group>";
		};
		A89558C02BB9473D008B5EE6 /* Categories */ = {
			isa = PBXGroup;
			children = (
				A89558C12BB9474E008B5EE6 /* CategoryHome.swift */,
				A89558C32BB94933008B5EE6 /* CategoryRow.swift */,
				A89558C52BB94B04008B5EE6 /* CategoryItem.swift */,
			);
			path = Categories;
			sourceTree = "<group>";
		};
		A89558C92BB9A70F008B5EE6 /* Profile */ = {
			isa = PBXGroup;
			children = (
				A89558CA2BB9A725008B5EE6 /* ProfileHost.swift */,
				A89558CC2BB9A842008B5EE6 /* ProfileSummary.swift */,
				A89558D02BB9B68F008B5EE6 /* ProfileEditor.swift */,
			);
			path = Profile;
			sourceTree = "<group>";
		};
		A8B75D302BB89DDF00C9118A /* Landmarks */ = {
			isa = PBXGroup;
			children = (
				A80504F42BB6E04D00DB0024 /* LandmarkRow.swift */,
				A80504F62BB6E19200DB0024 /* LandmarksList.swift */,
				A8A7FF372BB71897001938D0 /* LandmarkDetail.swift */,
			);
			path = Landmarks;
			sourceTree = "<group>";
		};
		A8B75D312BB89DE500C9118A /* Helper */ = {
			isa = PBXGroup;
			children = (
				A8B75D2E2BB89B3B00C9118A /* FavoriteButton.swift */,
				A8D54FBE2BB6991100BBD900 /* CircleImage.swift */,
				A8D54FC02BB69ACA00BBD900 /* MapView.swift */,
			);
			path = Helper;
			sourceTree = "<group>";
		};
		A8B75D382BB8A84D00C9118A /* Badge */ = {
			isa = PBXGroup;
			children = (
				A8B75D322BB8A4DC00C9118A /* HexagonParameters.swift */,
				A8B75D342BB8A5E100C9118A /* BadgeBackground.swift */,
				A8B75D362BB8A7A300C9118A /* BadgeSymbol.swift */,
				A8B75D392BB8A86300C9118A /* RotatedBadgeSymbol.swift */,
				A8B75D3B2BB8A8A600C9118A /* Badge.swift */,
				A89558CE2BB9AACB008B5EE6 /* HikeBadge.swift */,
			);
			path = Badge;
			sourceTree = "<group>";
		};
		A8D54F882BB6940F00BBD900 = {
			isa = PBXGroup;
			children = (
				A8B75D412BB9382000C9118A /* .gitignore */,
				A8D54F982BB6941000BBD900 /* Assets.xcassets */,
				A8D54F932BB6940F00BBD900 /* Landmarks */,
				A8D54FA42BB6941000BBD900 /* LandmarksTests */,
				A8D54FAE2BB6941000BBD900 /* LandmarksUITests */,
				A8D54F922BB6940F00BBD900 /* Products */,
			);
			sourceTree = "<group>";
		};
		A8D54F922BB6940F00BBD900 /* Products */ = {
			isa = PBXGroup;
			children = (
				A8D54F912BB6940F00BBD900 /* Landmarks.app */,
				A8D54FA12BB6941000BBD900 /* LandmarksTests.xctest */,
				A8D54FAB2BB6941000BBD900 /* LandmarksUITests.xctest */,
			);
			name = Products;
			sourceTree = "<group>";
		};
		A8D54F932BB6940F00BBD900 /* Landmarks */ = {
			isa = PBXGroup;
			children = (
				A8D54F942BB6940F00BBD900 /* LandmarksApp.swift */,
				A80504F32BB6DFFF00DB0024 /* Resources */,
				A80504F22BB6DFF400DB0024 /* Model */,
				A80504F12BB6DFEE00DB0024 /* Views */,
				A8D54F9A2BB6941000BBD900 /* Preview Content */,
			);
			path = Landmarks;
			sourceTree = "<group>";
		};
		A8D54F9A2BB6941000BBD900 /* Preview Content */ = {
			isa = PBXGroup;
			children = (
				A8D54F9B2BB6941000BBD900 /* Preview Assets.xcassets */,
			);
			path = "Preview Content";
			sourceTree = "<group>";
		};
		A8D54FA42BB6941000BBD900 /* LandmarksTests */ = {
			isa = PBXGroup;
			children = (
				A8D54FA52BB6941000BBD900 /* LandmarksTests.swift */,
			);
			path = LandmarksTests;
			sourceTree = "<group>";
		};
		A8D54FAE2BB6941000BBD900 /* LandmarksUITests */ = {
			isa = PBXGroup;
			children = (
				A8D54FAF2BB6941000BBD900 /* LandmarksUITests.swift */,
				A8D54FB12BB6941000BBD900 /* LandmarksUITestsLaunchTests.swift */,
			);
			path = LandmarksUITests;
			sourceTree = "<group>";
		};
/* End PBXGroup section */

/* Begin PBXNativeTarget section */
		A8D54F902BB6940F00BBD900 /* Landmarks */ = {
			isa = PBXNativeTarget;
			buildConfigurationList = A8D54FB52BB6941000BBD900 /* Build configuration list for PBXNativeTarget "Landmarks" */;
			buildPhases = (
				A8D54F8D2BB6940F00BBD900 /* Sources */,
				A8D54F8E2BB6940F00BBD900 /* Frameworks */,
				A8D54F8F2BB6940F00BBD900 /* Resources */,
			);
			buildRules = (
			);
			dependencies = (
			);
			name = Landmarks;
			productName = Landmarks;
			productReference = A8D54F912BB6940F00BBD900 /* Landmarks.app */;
			productType = "com.apple.product-type.application";
		};
		A8D54FA02BB6941000BBD900 /* LandmarksTests */ = {
			isa = PBXNativeTarget;
			buildConfigurationList = A8D54FB82BB6941000BBD900 /* Build configuration list for PBXNativeTarget "LandmarksTests" */;
			buildPhases = (
				A8D54F9D2BB6941000BBD900 /* Sources */,
				A8D54F9E2BB6941000BBD900 /* Frameworks */,
				A8D54F9F2BB6941000BBD900 /* Resources */,
			);
			buildRules = (
			);
			dependencies = (
				A8D54FA32BB6941000BBD900 /* PBXTargetDependency */,
			);
			name = LandmarksTests;
			productName = LandmarksTests;
			productReference = A8D54FA12BB6941000BBD900 /* LandmarksTests.xctest */;
			productType = "com.apple.product-type.bundle.unit-test";
		};
		A8D54FAA2BB6941000BBD900 /* LandmarksUITests */ = {
			isa = PBXNativeTarget;
			buildConfigurationList = A8D54FBB2BB6941000BBD900 /* Build configuration list for PBXNativeTarget "LandmarksUITests" */;
			buildPhases = (
				A8D54FA72BB6941000BBD900 /* Sources */,
				A8D54FA82BB6941000BBD900 /* Frameworks */,
				A8D54FA92BB6941000BBD900 /* Resources */,
			);
			buildRules = (
			);
			dependencies = (
				A8D54FAD2BB6941000BBD900 /* PBXTargetDependency */,
			);
			name = LandmarksUITests;
			productName = LandmarksUITests;
			productReference = A8D54FAB2BB6941000BBD900 /* LandmarksUITests.xctest */;
			productType = "com.apple.product-type.bundle.ui-testing";
		};
/* End PBXNativeTarget section */

/* Begin PBXProject section */
		A8D54F892BB6940F00BBD900 /* Project object */ = {
			isa = PBXProject;
			attributes = {
				BuildIndependentTargetsInParallel = 1;
				LastSwiftUpdateCheck = 1530;
				LastUpgradeCheck = 1530;
				TargetAttributes = {
					A8D54F902BB6940F00BBD900 = {
						CreatedOnToolsVersion = 15.3;
					};
					A8D54FA02BB6941000BBD900 = {
						CreatedOnToolsVersion = 15.3;
						TestTargetID = A8D54F902BB6940F00BBD900;
					};
					A8D54FAA2BB6941000BBD900 = {
						CreatedOnToolsVersion = 15.3;
						TestTargetID = A8D54F902BB6940F00BBD900;
					};
				};
			};
			buildConfigurationList = A8D54F8C2BB6940F00BBD900 /* Build configuration list for PBXProject "Landmarks" */;
			compatibilityVersion = "Xcode 14.0";
			developmentRegion = en;
			hasScannedForEncodings = 0;
			knownRegions = (
				en,
				Base,
			);
			mainGroup = A8D54F882BB6940F00BBD900;
			productRefGroup = A8D54F922BB6940F00BBD900 /* Products */;
			projectDirPath = "";
			projectRoot = "";
			targets = (
				A8D54F902BB6940F00BBD900 /* Landmarks */,
				A8D54FA02BB6941000BBD900 /* LandmarksTests */,
				A8D54FAA2BB6941000BBD900 /* LandmarksUITests */,
			);
		};
/* End PBXProject section */

/* Begin PBXResourcesBuildPhase section */
		A8D54F8F2BB6940F00BBD900 /* Resources */ = {
			isa = PBXResourcesBuildPhase;
			buildActionMask = 2147483647;
			files = (
				A8B75D422BB9382000C9118A /* .gitignore in Resources */,
				A8B75D3E2BB9350700C9118A /* hikeData.json in Resources */,
				A8D54F9C2BB6941000BBD900 /* Preview Assets.xcassets in Resources */,
				A8D54F992BB6941000BBD900 /* Assets.xcassets in Resources */,
				A80504EC2BB6DD4C00DB0024 /* landmarkData.json in Resources */,
			);
			runOnlyForDeploymentPostprocessing = 0;
		};
		A8D54F9F2BB6941000BBD900 /* Resources */ = {
			isa = PBXResourcesBuildPhase;
			buildActionMask = 2147483647;
			files = (
			);
			runOnlyForDeploymentPostprocessing = 0;
		};
		A8D54FA92BB6941000BBD900 /* Resources */ = {
			isa = PBXResourcesBuildPhase;
			buildActionMask = 2147483647;
			files = (
			);
			runOnlyForDeploymentPostprocessing = 0;
		};
/* End PBXResourcesBuildPhase section */

/* Begin PBXSourcesBuildPhase section */
		A8D54F8D2BB6940F00BBD900 /* Sources */ = {
			isa = PBXSourcesBuildPhase;
			buildActionMask = 2147483647;
			files = (
				A89558C42BB94933008B5EE6 /* CategoryRow.swift in Sources */,
				A89558C82BB9A61F008B5EE6 /* Profile.swift in Sources */,
				A8D54F972BB6940F00BBD900 /* ContentView.swift in Sources */,
				A89558C22BB9474E008B5EE6 /* CategoryHome.swift in Sources */,
				A8B75D3C2BB8A8A600C9118A /* Badge.swift in Sources */,
				A8D54FC12BB69ACA00BBD900 /* MapView.swift in Sources */,
				A89558BC2BB939CF008B5EE6 /* GraphCapsule.swift in Sources */,
				A89558BE2BB939CF008B5EE6 /* HikeGraph.swift in Sources */,
				A8D54F952BB6940F00BBD900 /* LandmarksApp.swift in Sources */,
				A8B75D2F2BB89B3B00C9118A /* FavoriteButton.swift in Sources */,
				A89558C62BB94B04008B5EE6 /* CategoryItem.swift in Sources */,
				A8B75D332BB8A4DC00C9118A /* HexagonParameters.swift in Sources */,
				A89558CD2BB9A842008B5EE6 /* ProfileSummary.swift in Sources */,
				A8B75D402BB9352000C9118A /* Hike.swift in Sources */,
				A89558CB2BB9A725008B5EE6 /* ProfileHost.swift in Sources */,
				A8B75D3A2BB8A86300C9118A /* RotatedBadgeSymbol.swift in Sources */,
				A8B75D372BB8A7A300C9118A /* BadgeSymbol.swift in Sources */,
				A8D54FBF2BB6991100BBD900 /* CircleImage.swift in Sources */,
				A89558D12BB9B68F008B5EE6 /* ProfileEditor.swift in Sources */,
				A89558BD2BB939CF008B5EE6 /* HikeDetail.swift in Sources */,
				A89558BF2BB939CF008B5EE6 /* HikeView.swift in Sources */,
				A8A7FF382BB71897001938D0 /* LandmarkDetail.swift in Sources */,
				A8B75D352BB8A5E100C9118A /* BadgeBackground.swift in Sources */,
				A89558CF2BB9AACB008B5EE6 /* HikeBadge.swift in Sources */,
				A80504EE2BB6DD6E00DB0024 /* Landmark.swift in Sources */,
				A80504F52BB6E04D00DB0024 /* LandmarkRow.swift in Sources */,
				A80504F02BB6DF7F00DB0024 /* ModelData.swift in Sources */,
				A80504F72BB6E19200DB0024 /* LandmarksList.swift in Sources */,
			);
			runOnlyForDeploymentPostprocessing = 0;
		};
		A8D54F9D2BB6941000BBD900 /* Sources */ = {
			isa = PBXSourcesBuildPhase;
			buildActionMask = 2147483647;
			files = (
				A8D54FA62BB6941000BBD900 /* LandmarksTests.swift in Sources */,
			);
			runOnlyForDeploymentPostprocessing = 0;
		};
		A8D54FA72BB6941000BBD900 /* Sources */ = {
			isa = PBXSourcesBuildPhase;
			buildActionMask = 2147483647;
			files = (
				A8D54FB22BB6941000BBD900 /* LandmarksUITestsLaunchTests.swift in Sources */,
				A8D54FB02BB6941000BBD900 /* LandmarksUITests.swift in Sources */,
			);
			runOnlyForDeploymentPostprocessing = 0;
		};
/* End PBXSourcesBuildPhase section */

/* Begin PBXTargetDependency section */
		A8D54FA32BB6941000BBD900 /* PBXTargetDependency */ = {
			isa = PBXTargetDependency;
			target = A8D54F902BB6940F00BBD900 /* Landmarks */;
			targetProxy = A8D54FA22BB6941000BBD900 /* PBXContainerItemProxy */;
		};
		A8D54FAD2BB6941000BBD900 /* PBXTargetDependency */ = {
			isa = PBXTargetDependency;
			target = A8D54F902BB6940F00BBD900 /* Landmarks */;
			targetProxy = A8D54FAC2BB6941000BBD900 /* PBXContainerItemProxy */;
		};
/* End PBXTargetDependency section */

/* Begin XCBuildConfiguration section */
		A8D54FB32BB6941000BBD900 /* Debug */ = {
			isa = XCBuildConfiguration;
			buildSettings = {
				ALWAYS_SEARCH_USER_PATHS = NO;
				ASSETCATALOG_COMPILER_GENERATE_SWIFT_ASSET_SYMBOL_EXTENSIONS = YES;
				CLANG_ANALYZER_NONNULL = YES;
				CLANG_ANALYZER_NUMBER_OBJECT_CONVERSION = YES_AGGRESSIVE;
				CLANG_CXX_LANGUAGE_STANDARD = "gnu++20";
				CLANG_ENABLE_MODULES = YES;
				CLANG_ENABLE_OBJC_ARC = YES;
				CLANG_ENABLE_OBJC_WEAK = YES;
				CLANG_WARN_BLOCK_CAPTURE_AUTORELEASING = YES;
				CLANG_WARN_BOOL_CONVERSION = YES;
				CLANG_WARN_COMMA = YES;
				CLANG_WARN_CONSTANT_CONVERSION = YES;
				CLANG_WARN_DEPRECATED_OBJC_IMPLEMENTATIONS = YES;
				CLANG_WARN_DIRECT_OBJC_ISA_USAGE = YES_ERROR;
				CLANG_WARN_DOCUMENTATION_COMMENTS = YES;
				CLANG_WARN_EMPTY_BODY = YES;
				CLANG_WARN_ENUM_CONVERSION = YES;
				CLANG_WARN_INFINITE_RECURSION = YES;
				CLANG_WARN_INT_CONVERSION = YES;
				CLANG_WARN_NON_LITERAL_NULL_CONVERSION = YES;
				CLANG_WARN_OBJC_IMPLICIT_RETAIN_SELF = YES;
				CLANG_WARN_OBJC_LITERAL_CONVERSION = YES;
				CLANG_WARN_OBJC_ROOT_CLASS = YES_ERROR;
				CLANG_WARN_QUOTED_INCLUDE_IN_FRAMEWORK_HEADER = YES;
				CLANG_WARN_RANGE_LOOP_ANALYSIS = YES;
				CLANG_WARN_STRICT_PROTOTYPES = YES;
				CLANG_WARN_SUSPICIOUS_MOVE = YES;
				CLANG_WARN_UNGUARDED_AVAILABILITY = YES_AGGRESSIVE;
				CLANG_WARN_UNREACHABLE_CODE = YES;
				CLANG_WARN__DUPLICATE_METHOD_MATCH = YES;
				COPY_PHASE_STRIP = NO;
				DEBUG_INFORMATION_FORMAT = dwarf;
				ENABLE_STRICT_OBJC_MSGSEND = YES;
				ENABLE_TESTABILITY = YES;
				ENABLE_USER_SCRIPT_SANDBOXING = YES;
				GCC_C_LANGUAGE_STANDARD = gnu17;
				GCC_DYNAMIC_NO_PIC = NO;
				GCC_NO_COMMON_BLOCKS = YES;
				GCC_OPTIMIZATION_LEVEL = 0;
				GCC_PREPROCESSOR_DEFINITIONS = (
					"DEBUG=1",
					"$(inherited)",
				);
				GCC_WARN_64_TO_32_BIT_CONVERSION = YES;
				GCC_WARN_ABOUT_RETURN_TYPE = YES_ERROR;
				GCC_WARN_UNDECLARED_SELECTOR = YES;
				GCC_WARN_UNINITIALIZED_AUTOS = YES_AGGRESSIVE;
				GCC_WARN_UNUSED_FUNCTION = YES;
				GCC_WARN_UNUSED_VARIABLE = YES;
				IPHONEOS_DEPLOYMENT_TARGET = 17.4;
				LOCALIZATION_PREFERS_STRING_CATALOGS = YES;
				MTL_ENABLE_DEBUG_INFO = INCLUDE_SOURCE;
				MTL_FAST_MATH = YES;
				ONLY_ACTIVE_ARCH = YES;
				SDKROOT = iphoneos;
				SWIFT_ACTIVE_COMPILATION_CONDITIONS = "DEBUG $(inherited)";
				SWIFT_OPTIMIZATION_LEVEL = "-Onone";
			};
			name = Debug;
		};
		A8D54FB42BB6941000BBD900 /* Release */ = {
			isa = XCBuildConfiguration;
			buildSettings = {
				ALWAYS_SEARCH_USER_PATHS = NO;
				ASSETCATALOG_COMPILER_GENERATE_SWIFT_ASSET_SYMBOL_EXTENSIONS = YES;
				CLANG_ANALYZER_NONNULL = YES;
				CLANG_ANALYZER_NUMBER_OBJECT_CONVERSION = YES_AGGRESSIVE;
				CLANG_CXX_LANGUAGE_STANDARD = "gnu++20";
				CLANG_ENABLE_MODULES = YES;
				CLANG_ENABLE_OBJC_ARC = YES;
				CLANG_ENABLE_OBJC_WEAK = YES;
				CLANG_WARN_BLOCK_CAPTURE_AUTORELEASING = YES;
				CLANG_WARN_BOOL_CONVERSION = YES;
				CLANG_WARN_COMMA = YES;
				CLANG_WARN_CONSTANT_CONVERSION = YES;
				CLANG_WARN_DEPRECATED_OBJC_IMPLEMENTATIONS = YES;
				CLANG_WARN_DIRECT_OBJC_ISA_USAGE = YES_ERROR;
				CLANG_WARN_DOCUMENTATION_COMMENTS = YES;
				CLANG_WARN_EMPTY_BODY = YES;
				CLANG_WARN_ENUM_CONVERSION = YES;
				CLANG_WARN_INFINITE_RECURSION = YES;
				CLANG_WARN_INT_CONVERSION = YES;
				CLANG_WARN_NON_LITERAL_NULL_CONVERSION = YES;
				CLANG_WARN_OBJC_IMPLICIT_RETAIN_SELF = YES;
				CLANG_WARN_OBJC_LITERAL_CONVERSION = YES;
				CLANG_WARN_OBJC_ROOT_CLASS = YES_ERROR;
				CLANG_WARN_QUOTED_INCLUDE_IN_FRAMEWORK_HEADER = YES;
				CLANG_WARN_RANGE_LOOP_ANALYSIS = YES;
				CLANG_WARN_STRICT_PROTOTYPES = YES;
				CLANG_WARN_SUSPICIOUS_MOVE = YES;
				CLANG_WARN_UNGUARDED_AVAILABILITY = YES_AGGRESSIVE;
				CLANG_WARN_UNREACHABLE_CODE = YES;
				CLANG_WARN__DUPLICATE_METHOD_MATCH = YES;
				COPY_PHASE_STRIP = NO;
				DEBUG_INFORMATION_FORMAT = "dwarf-with-dsym";
				ENABLE_NS_ASSERTIONS = NO;
				ENABLE_STRICT_OBJC_MSGSEND = YES;
				ENABLE_USER_SCRIPT_SANDBOXING = YES;
				GCC_C_LANGUAGE_STANDARD = gnu17;
				GCC_NO_COMMON_BLOCKS = YES;
				GCC_WARN_64_TO_32_BIT_CONVERSION = YES;
				GCC_WARN_ABOUT_RETURN_TYPE = YES_ERROR;
				GCC_WARN_UNDECLARED_SELECTOR = YES;
				GCC_WARN_UNINITIALIZED_AUTOS = YES_AGGRESSIVE;
				GCC_WARN_UNUSED_FUNCTION = YES;
				GCC_WARN_UNUSED_VARIABLE = YES;
				IPHONEOS_DEPLOYMENT_TARGET = 17.4;
				LOCALIZATION_PREFERS_STRING_CATALOGS = YES;
				MTL_ENABLE_DEBUG_INFO = NO;
				MTL_FAST_MATH = YES;
				SDKROOT = iphoneos;
				SWIFT_COMPILATION_MODE = wholemodule;
				VALIDATE_PRODUCT = YES;
			};
			name = Release;
		};
		A8D54FB62BB6941000BBD900 /* Debug */ = {
			isa = XCBuildConfiguration;
			buildSettings = {
				ASSETCATALOG_COMPILER_APPICON_NAME = AppIcon;
				ASSETCATALOG_COMPILER_GLOBAL_ACCENT_COLOR_NAME = AccentColor;
				CODE_SIGN_STYLE = Automatic;
				CURRENT_PROJECT_VERSION = 1;
				DEVELOPMENT_ASSET_PATHS = "\"Landmarks/Preview Content\"";
				ENABLE_PREVIEWS = YES;
				GENERATE_INFOPLIST_FILE = YES;
				INFOPLIST_KEY_UIApplicationSceneManifest_Generation = YES;
				INFOPLIST_KEY_UIApplicationSupportsIndirectInputEvents = YES;
				INFOPLIST_KEY_UILaunchScreen_Generation = YES;
				INFOPLIST_KEY_UISupportedInterfaceOrientations_iPad = "UIInterfaceOrientationPortrait UIInterfaceOrientationPortraitUpsideDown UIInterfaceOrientationLandscapeLeft UIInterfaceOrientationLandscapeRight";
				INFOPLIST_KEY_UISupportedInterfaceOrientations_iPhone = "UIInterfaceOrientationPortrait UIInterfaceOrientationLandscapeLeft UIInterfaceOrientationLandscapeRight";
				LD_RUNPATH_SEARCH_PATHS = (
					"$(inherited)",
					"@executable_path/Frameworks",
				);
				MARKETING_VERSION = 1.0;
				PRODUCT_BUNDLE_IDENTIFIER = com.gewoonseba.Landmarks;
				PRODUCT_NAME = "$(TARGET_NAME)";
				SWIFT_EMIT_LOC_STRINGS = YES;
				SWIFT_VERSION = 5.0;
				TARGETED_DEVICE_FAMILY = "1,2";
			};
			name = Debug;
		};
		A8D54FB72BB6941000BBD900 /* Release */ = {
			isa = XCBuildConfiguration;
			buildSettings = {
				ASSETCATALOG_COMPILER_APPICON_NAME = AppIcon;
				ASSETCATALOG_COMPILER_GLOBAL_ACCENT_COLOR_NAME = AccentColor;
				CODE_SIGN_STYLE = Automatic;
				CURRENT_PROJECT_VERSION = 1;
				DEVELOPMENT_ASSET_PATHS = "\"Landmarks/Preview Content\"";
				ENABLE_PREVIEWS = YES;
				GENERATE_INFOPLIST_FILE = YES;
				INFOPLIST_KEY_UIApplicationSceneManifest_Generation = YES;
				INFOPLIST_KEY_UIApplicationSupportsIndirectInputEvents = YES;
				INFOPLIST_KEY_UILaunchScreen_Generation = YES;
				INFOPLIST_KEY_UISupportedInterfaceOrientations_iPad = "UIInterfaceOrientationPortrait UIInterfaceOrientationPortraitUpsideDown UIInterfaceOrientationLandscapeLeft UIInterfaceOrientationLandscapeRight";
				INFOPLIST_KEY_UISupportedInterfaceOrientations_iPhone = "UIInterfaceOrientationPortrait UIInterfaceOrientationLandscapeLeft UIInterfaceOrientationLandscapeRight";
				LD_RUNPATH_SEARCH_PATHS = (
					"$(inherited)",
					"@executable_path/Frameworks",
				);
				MARKETING_VERSION = 1.0;
				PRODUCT_BUNDLE_IDENTIFIER = com.gewoonseba.Landmarks;
				PRODUCT_NAME = "$(TARGET_NAME)";
				SWIFT_EMIT_LOC_STRINGS = YES;
				SWIFT_VERSION = 5.0;
				TARGETED_DEVICE_FAMILY = "1,2";
			};
			name = Release;
		};
		A8D54FB92BB6941000BBD900 /* Debug */ = {
			isa = XCBuildConfiguration;
			buildSettings = {
				ALWAYS_EMBED_SWIFT_STANDARD_LIBRARIES = YES;
				BUNDLE_LOADER = "$(TEST_HOST)";
				CODE_SIGN_STYLE = Automatic;
				CURRENT_PROJECT_VERSION = 1;
				GENERATE_INFOPLIST_FILE = YES;
				IPHONEOS_DEPLOYMENT_TARGET = 17.4;
				MARKETING_VERSION = 1.0;
				PRODUCT_BUNDLE_IDENTIFIER = com.gewoonseba.LandmarksTests;
				PRODUCT_NAME = "$(TARGET_NAME)";
				SWIFT_EMIT_LOC_STRINGS = NO;
				SWIFT_VERSION = 5.0;
				TARGETED_DEVICE_FAMILY = "1,2";
				TEST_HOST = "$(BUILT_PRODUCTS_DIR)/Landmarks.app/$(BUNDLE_EXECUTABLE_FOLDER_PATH)/Landmarks";
			};
			name = Debug;
		};
		A8D54FBA2BB6941000BBD900 /* Release */ = {
			isa = XCBuildConfiguration;
			buildSettings = {
				ALWAYS_EMBED_SWIFT_STANDARD_LIBRARIES = YES;
				BUNDLE_LOADER = "$(TEST_HOST)";
				CODE_SIGN_STYLE = Automatic;
				CURRENT_PROJECT_VERSION = 1;
				GENERATE_INFOPLIST_FILE = YES;
				IPHONEOS_DEPLOYMENT_TARGET = 17.4;
				MARKETING_VERSION = 1.0;
				PRODUCT_BUNDLE_IDENTIFIER = com.gewoonseba.LandmarksTests;
				PRODUCT_NAME = "$(TARGET_NAME)";
				SWIFT_EMIT_LOC_STRINGS = NO;
				SWIFT_VERSION = 5.0;
				TARGETED_DEVICE_FAMILY = "1,2";
				TEST_HOST = "$(BUILT_PRODUCTS_DIR)/Landmarks.app/$(BUNDLE_EXECUTABLE_FOLDER_PATH)/Landmarks";
			};
			name = Release;
		};
		A8D54FBC2BB6941000BBD900 /* Debug */ = {
			isa = XCBuildConfiguration;
			buildSettings = {
				ALWAYS_EMBED_SWIFT_STANDARD_LIBRARIES = YES;
				CODE_SIGN_STYLE = Automatic;
				CURRENT_PROJECT_VERSION = 1;
				GENERATE_INFOPLIST_FILE = YES;
				MARKETING_VERSION = 1.0;
				PRODUCT_BUNDLE_IDENTIFIER = com.gewoonseba.LandmarksUITests;
				PRODUCT_NAME = "$(TARGET_NAME)";
				SWIFT_EMIT_LOC_STRINGS = NO;
				SWIFT_VERSION = 5.0;
				TARGETED_DEVICE_FAMILY = "1,2";
				TEST_TARGET_NAME = Landmarks;
			};
			name = Debug;
		};
		A8D54FBD2BB6941000BBD900 /* Release */ = {
			isa = XCBuildConfiguration;
			buildSettings = {
				ALWAYS_EMBED_SWIFT_STANDARD_LIBRARIES = YES;
				CODE_SIGN_STYLE = Automatic;
				CURRENT_PROJECT_VERSION = 1;
				GENERATE_INFOPLIST_FILE = YES;
				MARKETING_VERSION = 1.0;
				PRODUCT_BUNDLE_IDENTIFIER = com.gewoonseba.LandmarksUITests;
				PRODUCT_NAME = "$(TARGET_NAME)";
				SWIFT_EMIT_LOC_STRINGS = NO;
				SWIFT_VERSION = 5.0;
				TARGETED_DEVICE_FAMILY = "1,2";
				TEST_TARGET_NAME = Landmarks;
			};
			name = Release;
		};
/* End XCBuildConfiguration section */

/* Begin XCConfigurationList section */
		A8D54F8C2BB6940F00BBD900 /* Build configuration list for PBXProject "Landmarks" */ = {
			isa = XCConfigurationList;
			buildConfigurations = (
				A8D54FB32BB6941000BBD900 /* Debug */,
				A8D54FB42BB6941000BBD900 /* Release */,
			);
			defaultConfigurationIsVisible = 0;
			defaultConfigurationName = Release;
		};
		A8D54FB52BB6941000BBD900 /* Build configuration list for PBXNativeTarget "Landmarks" */ = {
			isa = XCConfigurationList;
			buildConfigurations = (
				A8D54FB62BB6941000BBD900 /* Debug */,
				A8D54FB72BB6941000BBD900 /* Release */,
			);
			defaultConfigurationIsVisible = 0;
			defaultConfigurationName = Release;
		};
		A8D54FB82BB6941000BBD900 /* Build configuration list for PBXNativeTarget "LandmarksTests" */ = {
			isa = XCConfigurationList;
			buildConfigurations = (
				A8D54FB92BB6941000BBD900 /* Debug */,
				A8D54FBA2BB6941000BBD900 /* Release */,
			);
			defaultConfigurationIsVisible = 0;
			defaultConfigurationName = Release;
		};
		A8D54FBB2BB6941000BBD900 /* Build configuration list for PBXNativeTarget "LandmarksUITests" */ = {
			isa = XCConfigurationList;
			buildConfigurations = (
				A8D54FBC2BB6941000BBD900 /* Debug */,
				A8D54FBD2BB6941000BBD900 /* Release */,
			);
			defaultConfigurationIsVisible = 0;
			defaultConfigurationName = Release;
		};
/* End XCConfigurationList section */
	};
	rootObject = A8D54F892BB6940F00BBD900 /* Project object */;
}
